
Microsoft Visual Studio Solution File, Format Version 12.00
# Visual Studio Version 17
VisualStudioVersion = 17.4.33103.184
MinimumVisualStudioVersion = 10.0.40219.1
Project("{FAE04EC0-301F-11D3-BF4B-00C04F79EFBC}") = "CMASTER.POS.ConsoleApp", "CMASTER.POS.ConsoleApp\CMASTER.POS.ConsoleApp.csproj", "{4AD2BDFB-31A2-437A-88F3-9A3C12E5D148}"
EndProject
Project("{FAE04EC0-301F-11D3-BF4B-00C04F79EFBC}") = "CMASTER.POS.Business", "CMASTER.POS.Business\CMASTER.POS.Business.csproj", "{9A31EFB9-B60C-4659-BEDB-73E1091E6596}"
EndProject
Project("{FAE04EC0-301F-11D3-BF4B-00C04F79EFBC}") = "CMASTER.POS.Tests", "CMASTER.POS.Tests\CMASTER.POS.Tests.csproj", "{1FE7D470-622D-497C-82AF-B74FE6D3FB8B}"
EndProject
Global
	GlobalSection(SolutionConfigurationPlatforms) = preSolution
		Debug|Any CPU = Debug|Any CPU
		Release|Any CPU = Release|Any CPU
	EndGlobalSection
	GlobalSection(ProjectConfigurationPlatforms) = postSolution
		{4AD2BDFB-31A2-437A-88F3-9A3C12E5D148}.Debug|Any CPU.ActiveCfg = Debug|Any CPU
		{4AD2BDFB-31A2-437A-88F3-9A3C12E5D148}.Debug|Any CPU.Build.0 = Debug|Any CPU
		{4AD2BDFB-31A2-437A-88F3-9A3C12E5D148}.Release|Any CPU.ActiveCfg = Release|Any CPU
		{4AD2BDFB-31A2-437A-88F3-9A3C12E5D148}.Release|Any CPU.Build.0 = Release|Any CPU
		{9A31EFB9-B60C-4659-BEDB-73E1091E6596}.Debug|Any CPU.ActiveCfg = Debug|Any CPU
		{9A31EFB9-B60C-4659-BEDB-73E1091E6596}.Debug|Any CPU.Build.0 = Debug|Any CPU
		{9A31EFB9-B60C-4659-BEDB-73E1091E6596}.Release|Any CPU.ActiveCfg = Release|Any CPU
		{9A31EFB9-B60C-4659-BEDB-73E1091E6596}.Release|Any CPU.Build.0 = Release|Any CPU
		{1FE7D470-622D-497C-82AF-B74FE6D3FB8B}.Debug|Any CPU.ActiveCfg = Debug|Any CPU
		{1FE7D470-622D-497C-82AF-B74FE6D3FB8B}.Debug|Any CPU.Build.0 = Debug|Any CPU
		{1FE7D470-622D-497C-82AF-B74FE6D3FB8B}.Release|Any CPU.ActiveCfg = Release|Any CPU
		{1FE7D470-622D-497C-82AF-B74FE6D3FB8B}.Release|Any CPU.Build.0 = Release|Any CPU
	EndGlobalSection
	GlobalSection(SolutionProperties) = preSolution
		HideSolutionNode = FALSE
	EndGlobalSection
	GlobalSection(ExtensibilityGlobals) = postSolution
		SolutionGuid = {B8A4FF09-1520-4787-82B4-8AA2A797A9F0}
	EndGlobalSection
EndGlobal
